
Microsoft Visual Studio Solution File, Format Version 12.00
# Visual Studio Version 17
VisualStudioVersion = 17.4.33205.214
MinimumVisualStudioVersion = 10.0.40219.1
Project("{FAE04EC0-301F-11D3-BF4B-00C04F79EFBC}") = "Employee Wage Computation", "Employee Wage Computation.csproj", "{EBEFCBAA-D079-4346-812B-AC08CE30608E}"
EndProject
Global
	GlobalSection(SolutionConfigurationPlatforms) = preSolution
		Debug|Any CPU = Debug|Any CPU
		Release|Any CPU = Release|Any CPU
	EndGlobalSection
	GlobalSection(ProjectConfigurationPlatforms) = postSolution
		{EBEFCBAA-D079-4346-812B-AC08CE30608E}.Debug|Any CPU.ActiveCfg = Debug|Any CPU
		{EBEFCBAA-D079-4346-812B-AC08CE30608E}.Debug|Any CPU.Build.0 = Debug|Any CPU
		{EBEFCBAA-D079-4346-812B-AC08CE30608E}.Release|Any CPU.ActiveCfg = Release|Any CPU
		{EBEFCBAA-D079-4346-812B-AC08CE30608E}.Release|Any CPU.Build.0 = Release|Any CPU
	EndGlobalSection
	GlobalSection(SolutionProperties) = preSolution
		HideSolutionNode = FALSE
	EndGlobalSection
	GlobalSection(ExtensibilityGlobals) = postSolution
		SolutionGuid = {184B65E5-F75D-4B44-8619-A25321459949}
	EndGlobalSection
EndGlobal
